Microsoft Visual Studio Solution File, Format Version 12.00
# Visual Studio Version 17
VisualStudioVersion = 17.5.2.0
MinimumVisualStudioVersion = 10.0.40219.1
Project("{FAE04EC0-301F-11D3-BF4B-00C04F79EFBC}") = "DigitalTwinParser", "DigitalTwinParser.csproj", "{6CDD68DF-0962-EB2D-1483-0418191DCD80}"
EndProject
Global
	GlobalSection(SolutionConfigurationPlatforms) = preSolution
		Debug|Any CPU = Debug|Any CPU
		Release|Any CPU = Release|Any CPU
	EndGlobalSection
	GlobalSection(ProjectConfigurationPlatforms) = postSolution
		{6CDD68DF-0962-EB2D-1483-0418191DCD80}.Debug|Any CPU.ActiveCfg = Debug|Any CPU
		{6CDD68DF-0962-EB2D-1483-0418191DCD80}.Debug|Any CPU.Build.0 = Debug|Any CPU
		{6CDD68DF-0962-EB2D-1483-0418191DCD80}.Release|Any CPU.ActiveCfg = Release|Any CPU
		{6CDD68DF-0962-EB2D-1483-0418191DCD80}.Release|Any CPU.Build.0 = Release|Any CPU
	EndGlobalSection
	GlobalSection(SolutionProperties) = preSolution
		HideSolutionNode = FALSE
	EndGlobalSection
	GlobalSection(ExtensibilityGlobals) = postSolution
		SolutionGuid = {45190205-B6A1-4223-B0C1-0169B28C4436}
	EndGlobalSection
EndGlobal
